
Microsoft Visual Studio Solution File, Format Version 12.00
# Visual Studio 15
VisualStudioVersion = 15.0.28307.1209
MinimumVisualStudioVersion = 10.0.40219.1
Project("{888888A0-9F3D-457C-B088-3A5042F75D52}") = "fast_style_transfer_demo", "fast_style_transfer_demo\fast_style_transfer_demo.pyproj", "{8512F811-A935-433A-AA3F-636B25E8C511}"
EndProject
Global
	GlobalSection(SolutionConfigurationPlatforms) = preSolution
		Debug|Any CPU = Debug|Any CPU
		Release|Any CPU = Release|Any CPU
	EndGlobalSection
	GlobalSection(ProjectConfigurationPlatforms) = postSolution
		{8512F811-A935-433A-AA3F-636B25E8C511}.Debug|Any CPU.ActiveCfg = Debug|Any CPU
		{8512F811-A935-433A-AA3F-636B25E8C511}.Release|Any CPU.ActiveCfg = Release|Any CPU
	EndGlobalSection
	GlobalSection(SolutionProperties) = preSolution
		HideSolutionNode = FALSE
	EndGlobalSection
	GlobalSection(ExtensibilityGlobals) = postSolution
		SolutionGuid = {96B43EDA-B74F-4CE7-87CB-AC4674D39AF9}
	EndGlobalSection
EndGlobal
